
Microsoft Visual Studio Solution File, Format Version 12.00
# Visual Studio 15
VisualStudioVersion = 15.0.28307.271
MinimumVisualStudioVersion = 10.0.40219.1
Project("{FAE04EC0-301F-11D3-BF4B-00C04F79EFBC}") = "Task2", "Task2\Task2.csproj", "{A20888E9-2EFA-499F-9A6F-9064C89F1053}"
EndProject
Global
	GlobalSection(SolutionConfigurationPlatforms) = preSolution
		Debug|Any CPU = Debug|Any CPU
		Release|Any CPU = Release|Any CPU
	EndGlobalSection
	GlobalSection(ProjectConfigurationPlatforms) = postSolution
		{A20888E9-2EFA-499F-9A6F-9064C89F1053}.Debug|Any CPU.ActiveCfg = Debug|Any CPU
		{A20888E9-2EFA-499F-9A6F-9064C89F1053}.Debug|Any CPU.Build.0 = Debug|Any CPU
		{A20888E9-2EFA-499F-9A6F-9064C89F1053}.Release|Any CPU.ActiveCfg = Release|Any CPU
		{A20888E9-2EFA-499F-9A6F-9064C89F1053}.Release|Any CPU.Build.0 = Release|Any CPU
	EndGlobalSection
	GlobalSection(SolutionProperties) = preSolution
		HideSolutionNode = FALSE
	EndGlobalSection
	GlobalSection(ExtensibilityGlobals) = postSolution
		SolutionGuid = {35DCF3F1-350A-49BF-B3A0-8CCE4D17F0AE}
	EndGlobalSection
EndGlobal
