
Microsoft Visual Studio Solution File, Format Version 12.00
# Visual Studio 15
VisualStudioVersion = 15.0.28307.271
MinimumVisualStudioVersion = 10.0.40219.1
Project("{FAE04EC0-301F-11D3-BF4B-00C04F79EFBC}") = "Game1(Snake)", "Game1(Snake)\Game1(Snake).csproj", "{1144ED8B-3989-4C41-8572-40BA2169E9CB}"
EndProject
Global
	GlobalSection(SolutionConfigurationPlatforms) = preSolution
		Debug|Any CPU = Debug|Any CPU
		Release|Any CPU = Release|Any CPU
	EndGlobalSection
	GlobalSection(ProjectConfigurationPlatforms) = postSolution
		{1144ED8B-3989-4C41-8572-40BA2169E9CB}.Debug|Any CPU.ActiveCfg = Debug|Any CPU
		{1144ED8B-3989-4C41-8572-40BA2169E9CB}.Debug|Any CPU.Build.0 = Debug|Any CPU
		{1144ED8B-3989-4C41-8572-40BA2169E9CB}.Release|Any CPU.ActiveCfg = Release|Any CPU
		{1144ED8B-3989-4C41-8572-40BA2169E9CB}.Release|Any CPU.Build.0 = Release|Any CPU
	EndGlobalSection
	GlobalSection(SolutionProperties) = preSolution
		HideSolutionNode = FALSE
	EndGlobalSection
	GlobalSection(ExtensibilityGlobals) = postSolution
		SolutionGuid = {70B82D6D-CD0C-4E2D-8D7E-C6982DCDA113}
	EndGlobalSection
EndGlobal
